<?xml version="1.0" encoding="UTF-8"?>
<!DOCTYPE plist PUBLIC "-//Apple//DTD PLIST 1.0//EN" "http://www.apple.com/DTDs/PropertyList-1.0.dtd">
<plist version="1.0">
<dict>
	<key>archiveVersion</key>
	<string>1</string>
	<key>classes</key>
	<dict/>
	<key>objectVersion</key>
	<string>46</string>
	<key>objects</key>
	<dict>
		<key>0A28121DD4BCB11B1F49A88B</key>
		<dict>
			<key>includeInIndex</key>
			<string>1</string>
			<key>isa</key>
			<string>PBXFileReference</string>
			<key>lastKnownFileType</key>
			<string>text.xcconfig</string>
			<key>name</key>
			<string>Pods-Kaleidoscope-of-500px.release.xcconfig</string>
			<key>path</key>
			<string>Pods/Target Support Files/Pods-Kaleidoscope-of-500px/Pods-Kaleidoscope-of-500px.release.xcconfig</string>
			<key>sourceTree</key>
			<string>&lt;group&gt;</string>
		</dict>
		<key>27C40A68EB1B993933181668</key>
		<dict>
			<key>buildActionMask</key>
			<string>2147483647</string>
			<key>files</key>
			<array/>
			<key>inputPaths</key>
			<array/>
			<key>isa</key>
			<string>PBXShellScriptBuildPhase</string>
			<key>name</key>
			<string>Copy Pods Resources</string>
			<key>outputPaths</key>
			<array/>
			<key>runOnlyForDeploymentPostprocessing</key>
			<string>0</string>
			<key>shellPath</key>
			<string>/bin/sh</string>
			<key>shellScript</key>
			<string>"${SRCROOT}/Pods/Target Support Files/Pods-Kaleidoscope-of-500pxTests/Pods-Kaleidoscope-of-500pxTests-resources.sh"
</string>
			<key>showEnvVarsInLog</key>
			<string>0</string>
		</dict>
		<key>368DF1A87C53D6520B489CD8</key>
		<dict>
			<key>buildActionMask</key>
			<string>2147483647</string>
			<key>files</key>
			<array/>
			<key>inputPaths</key>
			<array/>
			<key>isa</key>
			<string>PBXShellScriptBuildPhase</string>
			<key>name</key>
			<string>Copy Pods Resources</string>
			<key>outputPaths</key>
			<array/>
			<key>runOnlyForDeploymentPostprocessing</key>
			<string>0</string>
			<key>shellPath</key>
			<string>/bin/sh</string>
			<key>shellScript</key>
			<string>"${SRCROOT}/Pods/Target Support Files/Pods-Kaleidoscope-of-500px/Pods-Kaleidoscope-of-500px-resources.sh"
</string>
			<key>showEnvVarsInLog</key>
			<string>0</string>
		</dict>
		<key>39101133E07473F74AB9A224</key>
		<dict>
			<key>includeInIndex</key>
			<string>1</string>
			<key>isa</key>
			<string>PBXFileReference</string>
			<key>lastKnownFileType</key>
			<string>text.xcconfig</string>
			<key>name</key>
			<string>Pods-Kaleidoscope-of-500pxTests.debug.xcconfig</string>
			<key>path</key>
			<string>Pods/Target Support Files/Pods-Kaleidoscope-of-500pxTests/Pods-Kaleidoscope-of-500pxTests.debug.xcconfig</string>
			<key>sourceTree</key>
			<string>&lt;group&gt;</string>
		</dict>
		<key>3EB3D29F4A05C085C3451A1A</key>
		<dict>
			<key>fileRef</key>
			<string>BD4D23B059020F2993A0CDA0</string>
			<key>isa</key>
			<string>PBXBuildFile</string>
		</dict>
		<key>60133D51DB8F8CBE1AFE014F</key>
		<dict>
			<key>children</key>
			<array>
				<string>BD4D23B059020F2993A0CDA0</string>
				<string>8772B9AE2A1B187C5218BA9D</string>
			</array>
			<key>isa</key>
			<string>PBXGroup</string>
			<key>name</key>
			<string>Frameworks</string>
			<key>sourceTree</key>
			<string>&lt;group&gt;</string>
		</dict>
		<key>6A45CAB61198701CB03AD00D</key>
		<dict>
			<key>fileRef</key>
			<string>8772B9AE2A1B187C5218BA9D</string>
			<key>isa</key>
			<string>PBXBuildFile</string>
		</dict>
		<key>790D2DEFD6FEEF9D6C3EE566</key>
		<dict>
			<key>includeInIndex</key>
			<string>1</string>
			<key>isa</key>
			<string>PBXFileReference</string>
			<key>lastKnownFileType</key>
			<string>text.xcconfig</string>
			<key>name</key>
			<string>Pods-Kaleidoscope-of-500px.debug.xcconfig</string>
			<key>path</key>
			<string>Pods/Target Support Files/Pods-Kaleidoscope-of-500px/Pods-Kaleidoscope-of-500px.debug.xcconfig</string>
			<key>sourceTree</key>
			<string>&lt;group&gt;</string>
		</dict>
		<key>8772B9AE2A1B187C5218BA9D</key>
		<dict>
			<key>explicitFileType</key>
			<string>archive.ar</string>
			<key>includeInIndex</key>
			<string>0</string>
			<key>isa</key>
			<string>PBXFileReference</string>
			<key>path</key>
			<string>libPods-Kaleidoscope-of-500pxTests.a</string>
			<key>sourceTree</key>
			<string>BUILT_PRODUCTS_DIR</string>
		</dict>
		<key>892E7E4F19E511C8005D1BA7</key>
		<dict>
			<key>children</key>
			<array>
				<string>892E7E5A19E511C8005D1BA7</string>
				<string>892E7E7419E511C8005D1BA7</string>
				<string>892E7E5919E511C8005D1BA7</string>
				<string>A6ACB6E80718FFAA2D860B17</string>
				<string>60133D51DB8F8CBE1AFE014F</string>
			</array>
			<key>isa</key>
			<string>PBXGroup</string>
			<key>sourceTree</key>
			<string>&lt;group&gt;</string>
		</dict>
		<key>892E7E5019E511C8005D1BA7</key>
		<dict>
			<key>attributes</key>
			<dict>
				<key>LastUpgradeCheck</key>
				<string>0600</string>
				<key>ORGANIZATIONNAME</key>
				<string>Derek Chen</string>
				<key>TargetAttributes</key>
				<dict>
					<key>892E7E5719E511C8005D1BA7</key>
					<dict>
						<key>CreatedOnToolsVersion</key>
						<string>6.0.1</string>
					</dict>
					<key>892E7E7019E511C8005D1BA7</key>
					<dict>
						<key>CreatedOnToolsVersion</key>
						<string>6.0.1</string>
						<key>TestTargetID</key>
						<string>892E7E5719E511C8005D1BA7</string>
					</dict>
				</dict>
			</dict>
			<key>buildConfigurationList</key>
			<string>892E7E5319E511C8005D1BA7</string>
			<key>compatibilityVersion</key>
			<string>Xcode 3.2</string>
			<key>developmentRegion</key>
			<string>English</string>
			<key>hasScannedForEncodings</key>
			<string>0</string>
			<key>isa</key>
			<string>PBXProject</string>
			<key>knownRegions</key>
			<array>
				<string>en</string>
				<string>Base</string>
			</array>
			<key>mainGroup</key>
			<string>892E7E4F19E511C8005D1BA7</string>
			<key>productRefGroup</key>
			<string>892E7E5919E511C8005D1BA7</string>
			<key>projectDirPath</key>
			<string></string>
			<key>projectReferences</key>
			<array/>
			<key>projectRoot</key>
			<string></string>
			<key>targets</key>
			<array>
				<string>892E7E5719E511C8005D1BA7</string>
				<string>892E7E7019E511C8005D1BA7</string>
			</array>
		</dict>
		<key>892E7E5319E511C8005D1BA7</key>
		<dict>
			<key>buildConfigurations</key>
			<array>
				<string>892E7E7919E511C8005D1BA7</string>
				<string>892E7E7A19E511C8005D1BA7</string>
			</array>
			<key>defaultConfigurationIsVisible</key>
			<string>0</string>
			<key>defaultConfigurationName</key>
			<string>Release</string>
			<key>isa</key>
			<string>XCConfigurationList</string>
		</dict>
		<key>892E7E5419E511C8005D1BA7</key>
		<dict>
			<key>buildActionMask</key>
			<string>2147483647</string>
			<key>files</key>
			<array>
				<string>892E7E6419E511C8005D1BA7</string>
				<string>892E7E6119E511C8005D1BA7</string>
				<string>892E7E5E19E511C8005D1BA7</string>
			</array>
			<key>isa</key>
			<string>PBXSourcesBuildPhase</string>
			<key>runOnlyForDeploymentPostprocessing</key>
			<string>0</string>
		</dict>
		<key>892E7E5519E511C8005D1BA7</key>
		<dict>
			<key>buildActionMask</key>
			<string>2147483647</string>
			<key>files</key>
			<array>
				<string>3EB3D29F4A05C085C3451A1A</string>
			</array>
			<key>isa</key>
			<string>PBXFrameworksBuildPhase</string>
			<key>runOnlyForDeploymentPostprocessing</key>
			<string>0</string>
		</dict>
		<key>892E7E5619E511C8005D1BA7</key>
		<dict>
			<key>buildActionMask</key>
			<string>2147483647</string>
			<key>files</key>
			<array>
				<string>892E7E6719E511C8005D1BA7</string>
				<string>892E7E6C19E511C8005D1BA7</string>
				<string>892E7E6919E511C8005D1BA7</string>
			</array>
			<key>isa</key>
			<string>PBXResourcesBuildPhase</string>
			<key>runOnlyForDeploymentPostprocessing</key>
			<string>0</string>
		</dict>
		<key>892E7E5719E511C8005D1BA7</key>
		<dict>
			<key>buildConfigurationList</key>
			<string>892E7E7B19E511C8005D1BA7</string>
			<key>buildPhases</key>
			<array>
				<string>E70A521BCDA7D8FAF38CE2D9</string>
				<string>892E7E5419E511C8005D1BA7</string>
				<string>892E7E5519E511C8005D1BA7</string>
				<string>892E7E5619E511C8005D1BA7</string>
				<string>368DF1A87C53D6520B489CD8</string>
			</array>
			<key>buildRules</key>
			<array/>
			<key>dependencies</key>
			<array/>
			<key>isa</key>
			<string>PBXNativeTarget</string>
			<key>name</key>
			<string>Kaleidoscope-of-500px</string>
			<key>productName</key>
			<string>Kaleidoscope-of-500px</string>
			<key>productReference</key>
			<string>892E7E5819E511C8005D1BA7</string>
			<key>productType</key>
			<string>com.apple.product-type.application</string>
		</dict>
		<key>892E7E5819E511C8005D1BA7</key>
		<dict>
			<key>explicitFileType</key>
			<string>wrapper.application</string>
			<key>includeInIndex</key>
			<string>0</string>
			<key>isa</key>
			<string>PBXFileReference</string>
			<key>path</key>
			<string>Kaleidoscope-of-500px.app</string>
			<key>sourceTree</key>
			<string>BUILT_PRODUCTS_DIR</string>
		</dict>
		<key>892E7E5919E511C8005D1BA7</key>
		<dict>
			<key>children</key>
			<array>
				<string>892E7E5819E511C8005D1BA7</string>
				<string>892E7E7119E511C8005D1BA7</string>
			</array>
			<key>isa</key>
			<string>PBXGroup</string>
			<key>name</key>
			<string>Products</string>
			<key>sourceTree</key>
			<string>&lt;group&gt;</string>
		</dict>
		<key>892E7E5A19E511C8005D1BA7</key>
		<dict>
			<key>children</key>
			<array>
				<string>892E7E5F19E511C8005D1BA7</string>
				<string>892E7E6019E511C8005D1BA7</string>
				<string>892E7E6219E511C8005D1BA7</string>
				<string>892E7E6319E511C8005D1BA7</string>
				<string>892E7E6519E511C8005D1BA7</string>
				<string>892E7E6819E511C8005D1BA7</string>
				<string>892E7E6A19E511C8005D1BA7</string>
				<string>892E7E5B19E511C8005D1BA7</string>
			</array>
			<key>isa</key>
			<string>PBXGroup</string>
			<key>path</key>
			<string>Kaleidoscope-of-500px</string>
			<key>sourceTree</key>
			<string>&lt;group&gt;</string>
		</dict>
		<key>892E7E5B19E511C8005D1BA7</key>
		<dict>
			<key>children</key>
			<array>
				<string>892E7E5C19E511C8005D1BA7</string>
				<string>892E7E5D19E511C8005D1BA7</string>
			</array>
			<key>isa</key>
			<string>PBXGroup</string>
			<key>name</key>
			<string>Supporting Files</string>
			<key>sourceTree</key>
			<string>&lt;group&gt;</string>
		</dict>
		<key>892E7E5C19E511C8005D1BA7</key>
		<dict>
			<key>isa</key>
			<string>PBXFileReference</string>
			<key>lastKnownFileType</key>
			<string>text.plist.xml</string>
			<key>path</key>
			<string>Info.plist</string>
			<key>sourceTree</key>
			<string>&lt;group&gt;</string>
		</dict>
		<key>892E7E5D19E511C8005D1BA7</key>
		<dict>
			<key>isa</key>
			<string>PBXFileReference</string>
			<key>lastKnownFileType</key>
			<string>sourcecode.c.objc</string>
			<key>path</key>
			<string>main.m</string>
			<key>sourceTree</key>
			<string>&lt;group&gt;</string>
		</dict>
		<key>892E7E5E19E511C8005D1BA7</key>
		<dict>
			<key>fileRef</key>
			<string>892E7E5D19E511C8005D1BA7</string>
			<key>isa</key>
			<string>PBXBuildFile</string>
		</dict>
		<key>892E7E5F19E511C8005D1BA7</key>
		<dict>
			<key>isa</key>
			<string>PBXFileReference</string>
			<key>lastKnownFileType</key>
			<string>sourcecode.c.h</string>
			<key>path</key>
			<string>AppDelegate.h</string>
			<key>sourceTree</key>
			<string>&lt;group&gt;</string>
		</dict>
		<key>892E7E6019E511C8005D1BA7</key>
		<dict>
			<key>isa</key>
			<string>PBXFileReference</string>
			<key>lastKnownFileType</key>
			<string>sourcecode.c.objc</string>
			<key>path</key>
			<string>AppDelegate.m</string>
			<key>sourceTree</key>
			<string>&lt;group&gt;</string>
		</dict>
		<key>892E7E6119E511C8005D1BA7</key>
		<dict>
			<key>fileRef</key>
			<string>892E7E6019E511C8005D1BA7</string>
			<key>isa</key>
			<string>PBXBuildFile</string>
		</dict>
		<key>892E7E6219E511C8005D1BA7</key>
		<dict>
			<key>isa</key>
			<string>PBXFileReference</string>
			<key>lastKnownFileType</key>
			<string>sourcecode.c.h</string>
			<key>path</key>
			<string>ViewController.h</string>
			<key>sourceTree</key>
			<string>&lt;group&gt;</string>
		</dict>
		<key>892E7E6319E511C8005D1BA7</key>
		<dict>
			<key>isa</key>
			<string>PBXFileReference</string>
			<key>lastKnownFileType</key>
			<string>sourcecode.c.objc</string>
			<key>path</key>
			<string>ViewController.m</string>
			<key>sourceTree</key>
			<string>&lt;group&gt;</string>
		</dict>
		<key>892E7E6419E511C8005D1BA7</key>
		<dict>
			<key>fileRef</key>
			<string>892E7E6319E511C8005D1BA7</string>
			<key>isa</key>
			<string>PBXBuildFile</string>
		</dict>
		<key>892E7E6519E511C8005D1BA7</key>
		<dict>
			<key>children</key>
			<array>
				<string>892E7E6619E511C8005D1BA7</string>
			</array>
			<key>isa</key>
			<string>PBXVariantGroup</string>
			<key>name</key>
			<string>Main.storyboard</string>
			<key>sourceTree</key>
			<string>&lt;group&gt;</string>
		</dict>
		<key>892E7E6619E511C8005D1BA7</key>
		<dict>
			<key>isa</key>
			<string>PBXFileReference</string>
			<key>lastKnownFileType</key>
			<string>file.storyboard</string>
			<key>name</key>
			<string>Base</string>
			<key>path</key>
			<string>Base.lproj/Main.storyboard</string>
			<key>sourceTree</key>
			<string>&lt;group&gt;</string>
		</dict>
		<key>892E7E6719E511C8005D1BA7</key>
		<dict>
			<key>fileRef</key>
			<string>892E7E6519E511C8005D1BA7</string>
			<key>isa</key>
			<string>PBXBuildFile</string>
		</dict>
		<key>892E7E6819E511C8005D1BA7</key>
		<dict>
			<key>isa</key>
			<string>PBXFileReference</string>
			<key>lastKnownFileType</key>
			<string>folder.assetcatalog</string>
			<key>path</key>
			<string>Images.xcassets</string>
			<key>sourceTree</key>
			<string>&lt;group&gt;</string>
		</dict>
		<key>892E7E6919E511C8005D1BA7</key>
		<dict>
			<key>fileRef</key>
			<string>892E7E6819E511C8005D1BA7</string>
			<key>isa</key>
			<string>PBXBuildFile</string>
		</dict>
		<key>892E7E6A19E511C8005D1BA7</key>
		<dict>
			<key>children</key>
			<array>
				<string>892E7E6B19E511C8005D1BA7</string>
			</array>
			<key>isa</key>
			<string>PBXVariantGroup</string>
			<key>name</key>
			<string>LaunchScreen.xib</string>
			<key>sourceTree</key>
			<string>&lt;group&gt;</string>
		</dict>
		<key>892E7E6B19E511C8005D1BA7</key>
		<dict>
			<key>isa</key>
			<string>PBXFileReference</string>
			<key>lastKnownFileType</key>
			<string>file.xib</string>
			<key>name</key>
			<string>Base</string>
			<key>path</key>
			<string>Base.lproj/LaunchScreen.xib</string>
			<key>sourceTree</key>
			<string>&lt;group&gt;</string>
		</dict>
		<key>892E7E6C19E511C8005D1BA7</key>
		<dict>
			<key>fileRef</key>
			<string>892E7E6A19E511C8005D1BA7</string>
			<key>isa</key>
			<string>PBXBuildFile</string>
		</dict>
		<key>892E7E6D19E511C8005D1BA7</key>
		<dict>
			<key>buildActionMask</key>
			<string>2147483647</string>
			<key>files</key>
			<array>
				<string>892E7E7819E511C8005D1BA7</string>
			</array>
			<key>isa</key>
			<string>PBXSourcesBuildPhase</string>
			<key>runOnlyForDeploymentPostprocessing</key>
			<string>0</string>
		</dict>
		<key>892E7E6E19E511C8005D1BA7</key>
		<dict>
			<key>buildActionMask</key>
			<string>2147483647</string>
			<key>files</key>
			<array>
				<string>6A45CAB61198701CB03AD00D</string>
			</array>
			<key>isa</key>
			<string>PBXFrameworksBuildPhase</string>
			<key>runOnlyForDeploymentPostprocessing</key>
			<string>0</string>
		</dict>
		<key>892E7E6F19E511C8005D1BA7</key>
		<dict>
			<key>buildActionMask</key>
			<string>2147483647</string>
			<key>files</key>
			<array/>
			<key>isa</key>
			<string>PBXResourcesBuildPhase</string>
			<key>runOnlyForDeploymentPostprocessing</key>
			<string>0</string>
		</dict>
		<key>892E7E7019E511C8005D1BA7</key>
		<dict>
			<key>buildConfigurationList</key>
			<string>892E7E7E19E511C8005D1BA7</string>
			<key>buildPhases</key>
			<array>
				<string>95DA97AEDD581D9D037854B4</string>
				<string>892E7E6D19E511C8005D1BA7</string>
				<string>892E7E6E19E511C8005D1BA7</string>
				<string>892E7E6F19E511C8005D1BA7</string>
				<string>27C40A68EB1B993933181668</string>
			</array>
			<key>buildRules</key>
			<array/>
			<key>dependencies</key>
			<array>
				<string>892E7E7319E511C8005D1BA7</string>
			</array>
			<key>isa</key>
			<string>PBXNativeTarget</string>
			<key>name</key>
			<string>Kaleidoscope-of-500pxTests</string>
			<key>productName</key>
			<string>Kaleidoscope-of-500pxTests</string>
			<key>productReference</key>
			<string>892E7E7119E511C8005D1BA7</string>
			<key>productType</key>
			<string>com.apple.product-type.bundle.unit-test</string>
		</dict>
		<key>892E7E7119E511C8005D1BA7</key>
		<dict>
			<key>explicitFileType</key>
			<string>wrapper.cfbundle</string>
			<key>includeInIndex</key>
			<string>0</string>
			<key>isa</key>
			<string>PBXFileReference</string>
			<key>path</key>
			<string>Kaleidoscope-of-500pxTests.xctest</string>
			<key>sourceTree</key>
			<string>BUILT_PRODUCTS_DIR</string>
		</dict>
		<key>892E7E7219E511C8005D1BA7</key>
		<dict>
			<key>containerPortal</key>
			<string>892E7E5019E511C8005D1BA7</string>
			<key>isa</key>
			<string>PBXContainerItemProxy</string>
			<key>proxyType</key>
			<string>1</string>
			<key>remoteGlobalIDString</key>
			<string>892E7E5719E511C8005D1BA7</string>
			<key>remoteInfo</key>
			<string>Kaleidoscope-of-500px</string>
		</dict>
		<key>892E7E7319E511C8005D1BA7</key>
		<dict>
			<key>isa</key>
			<string>PBXTargetDependency</string>
			<key>target</key>
			<string>892E7E5719E511C8005D1BA7</string>
			<key>targetProxy</key>
			<string>892E7E7219E511C8005D1BA7</string>
		</dict>
		<key>892E7E7419E511C8005D1BA7</key>
		<dict>
			<key>children</key>
			<array>
				<string>892E7E7719E511C8005D1BA7</string>
				<string>892E7E7519E511C8005D1BA7</string>
			</array>
			<key>isa</key>
			<string>PBXGroup</string>
			<key>path</key>
			<string>Kaleidoscope-of-500pxTests</string>
			<key>sourceTree</key>
			<string>&lt;group&gt;</string>
		</dict>
		<key>892E7E7519E511C8005D1BA7</key>
		<dict>
			<key>children</key>
			<array>
				<string>892E7E7619E511C8005D1BA7</string>
			</array>
			<key>isa</key>
			<string>PBXGroup</string>
			<key>name</key>
			<string>Supporting Files</string>
			<key>sourceTree</key>
			<string>&lt;group&gt;</string>
		</dict>
		<key>892E7E7619E511C8005D1BA7</key>
		<dict>
			<key>isa</key>
			<string>PBXFileReference</string>
			<key>lastKnownFileType</key>
			<string>text.plist.xml</string>
			<key>path</key>
			<string>Info.plist</string>
			<key>sourceTree</key>
			<string>&lt;group&gt;</string>
		</dict>
		<key>892E7E7719E511C8005D1BA7</key>
		<dict>
			<key>isa</key>
			<string>PBXFileReference</string>
			<key>lastKnownFileType</key>
			<string>sourcecode.c.objc</string>
			<key>path</key>
			<string>Kaleidoscope_of_500pxTests.m</string>
			<key>sourceTree</key>
			<string>&lt;group&gt;</string>
		</dict>
		<key>892E7E7819E511C8005D1BA7</key>
		<dict>
			<key>fileRef</key>
			<string>892E7E7719E511C8005D1BA7</string>
			<key>isa</key>
			<string>PBXBuildFile</string>
		</dict>
		<key>892E7E7919E511C8005D1BA7</key>
		<dict>
			<key>buildSettings</key>
			<dict>
				<key>ALWAYS_SEARCH_USER_PATHS</key>
				<string>NO</string>
				<key>CLANG_CXX_LANGUAGE_STANDARD</key>
				<string>gnu++0x</string>
				<key>CLANG_CXX_LIBRARY</key>
				<string>libc++</string>
				<key>CLANG_ENABLE_MODULES</key>
				<string>YES</string>
				<key>CLANG_ENABLE_OBJC_ARC</key>
				<string>YES</string>
				<key>CLANG_WARN_BOOL_CONVERSION</key>
				<string>YES</string>
				<key>CLANG_WARN_CONSTANT_CONVERSION</key>
				<string>YES</string>
				<key>CLANG_WARN_DIRECT_OBJC_ISA_USAGE</key>
				<string>YES_ERROR</string>
				<key>CLANG_WARN_EMPTY_BODY</key>
				<string>YES</string>
				<key>CLANG_WARN_ENUM_CONVERSION</key>
				<string>YES</string>
				<key>CLANG_WARN_INT_CONVERSION</key>
				<string>YES</string>
				<key>CLANG_WARN_OBJC_ROOT_CLASS</key>
				<string>YES_ERROR</string>
				<key>CLANG_WARN_UNREACHABLE_CODE</key>
				<string>YES</string>
				<key>CLANG_WARN__DUPLICATE_METHOD_MATCH</key>
				<string>YES</string>
				<key>CODE_SIGN_IDENTITY[sdk=iphoneos*]</key>
				<string>iPhone Developer</string>
				<key>COPY_PHASE_STRIP</key>
				<string>NO</string>
				<key>ENABLE_STRICT_OBJC_MSGSEND</key>
				<string>YES</string>
				<key>GCC_C_LANGUAGE_STANDARD</key>
				<string>gnu99</string>
				<key>GCC_DYNAMIC_NO_PIC</key>
				<string>NO</string>
				<key>GCC_OPTIMIZATION_LEVEL</key>
				<string>0</string>
				<key>GCC_PREPROCESSOR_DEFINITIONS</key>
				<array>
					<string>DEBUG=1</string>
					<string>$(inherited)</string>
				</array>
				<key>GCC_SYMBOLS_PRIVATE_EXTERN</key>
				<string>NO</string>
				<key>GCC_WARN_64_TO_32_BIT_CONVERSION</key>
				<string>YES</string>
				<key>GCC_WARN_ABOUT_RETURN_TYPE</key>
				<string>YES_ERROR</string>
				<key>GCC_WARN_UNDECLARED_SELECTOR</key>
				<string>YES</string>
				<key>GCC_WARN_UNINITIALIZED_AUTOS</key>
				<string>YES_AGGRESSIVE</string>
				<key>GCC_WARN_UNUSED_FUNCTION</key>
				<string>YES</string>
				<key>GCC_WARN_UNUSED_VARIABLE</key>
				<string>YES</string>
				<key>IPHONEOS_DEPLOYMENT_TARGET</key>
				<string>7.1</string>
				<key>MTL_ENABLE_DEBUG_INFO</key>
				<string>YES</string>
				<key>ONLY_ACTIVE_ARCH</key>
				<string>YES</string>
				<key>SDKROOT</key>
				<string>iphoneos</string>
			</dict>
			<key>isa</key>
			<string>XCBuildConfiguration</string>
			<key>name</key>
			<string>Debug</string>
		</dict>
		<key>892E7E7A19E511C8005D1BA7</key>
		<dict>
			<key>buildSettings</key>
			<dict>
				<key>ALWAYS_SEARCH_USER_PATHS</key>
				<string>NO</string>
				<key>CLANG_CXX_LANGUAGE_STANDARD</key>
				<string>gnu++0x</string>
				<key>CLANG_CXX_LIBRARY</key>
				<string>libc++</string>
				<key>CLANG_ENABLE_MODULES</key>
				<string>YES</string>
				<key>CLANG_ENABLE_OBJC_ARC</key>
				<string>YES</string>
				<key>CLANG_WARN_BOOL_CONVERSION</key>
				<string>YES</string>
				<key>CLANG_WARN_CONSTANT_CONVERSION</key>
				<string>YES</string>
				<key>CLANG_WARN_DIRECT_OBJC_ISA_USAGE</key>
				<string>YES_ERROR</string>
				<key>CLANG_WARN_EMPTY_BODY</key>
				<string>YES</string>
				<key>CLANG_WARN_ENUM_CONVERSION</key>
				<string>YES</string>
				<key>CLANG_WARN_INT_CONVERSION</key>
				<string>YES</string>
				<key>CLANG_WARN_OBJC_ROOT_CLASS</key>
				<string>YES_ERROR</string>
				<key>CLANG_WARN_UNREACHABLE_CODE</key>
				<string>YES</string>
				<key>CLANG_WARN__DUPLICATE_METHOD_MATCH</key>
				<string>YES</string>
				<key>CODE_SIGN_IDENTITY[sdk=iphoneos*]</key>
				<string>iPhone Developer</string>
				<key>COPY_PHASE_STRIP</key>
				<string>YES</string>
				<key>ENABLE_NS_ASSERTIONS</key>
				<string>NO</string>
				<key>ENABLE_STRICT_OBJC_MSGSEND</key>
				<string>YES</string>
				<key>GCC_C_LANGUAGE_STANDARD</key>
				<string>gnu99</string>
				<key>GCC_WARN_64_TO_32_BIT_CONVERSION</key>
				<string>YES</string>
				<key>GCC_WARN_ABOUT_RETURN_TYPE</key>
				<string>YES_ERROR</string>
				<key>GCC_WARN_UNDECLARED_SELECTOR</key>
				<string>YES</string>
				<key>GCC_WARN_UNINITIALIZED_AUTOS</key>
				<string>YES_AGGRESSIVE</string>
				<key>GCC_WARN_UNUSED_FUNCTION</key>
				<string>YES</string>
				<key>GCC_WARN_UNUSED_VARIABLE</key>
				<string>YES</string>
				<key>IPHONEOS_DEPLOYMENT_TARGET</key>
				<string>7.1</string>
				<key>MTL_ENABLE_DEBUG_INFO</key>
				<string>NO</string>
				<key>SDKROOT</key>
				<string>iphoneos</string>
				<key>VALIDATE_PRODUCT</key>
				<string>YES</string>
			</dict>
			<key>isa</key>
			<string>XCBuildConfiguration</string>
			<key>name</key>
			<string>Release</string>
		</dict>
		<key>892E7E7B19E511C8005D1BA7</key>
		<dict>
			<key>buildConfigurations</key>
			<array>
				<string>892E7E7C19E511C8005D1BA7</string>
				<string>892E7E7D19E511C8005D1BA7</string>
			</array>
			<key>defaultConfigurationIsVisible</key>
			<string>0</string>
			<key>isa</key>
			<string>XCConfigurationList</string>
		</dict>
		<key>892E7E7C19E511C8005D1BA7</key>
		<dict>
			<key>baseConfigurationReference</key>
			<string>790D2DEFD6FEEF9D6C3EE566</string>
			<key>buildSettings</key>
			<dict>
				<key>ASSETCATALOG_COMPILER_APPICON_NAME</key>
				<string>AppIcon</string>
				<key>INFOPLIST_FILE</key>
				<string>Kaleidoscope-of-500px/Info.plist</string>
				<key>LD_RUNPATH_SEARCH_PATHS</key>
				<string>$(inherited) @executable_path/Frameworks</string>
				<key>PRODUCT_NAME</key>
				<string>$(TARGET_NAME)</string>
			</dict>
			<key>isa</key>
			<string>XCBuildConfiguration</string>
			<key>name</key>
			<string>Debug</string>
		</dict>
		<key>892E7E7D19E511C8005D1BA7</key>
		<dict>
			<key>baseConfigurationReference</key>
			<string>0A28121DD4BCB11B1F49A88B</string>
			<key>buildSettings</key>
			<dict>
				<key>ASSETCATALOG_COMPILER_APPICON_NAME</key>
				<string>AppIcon</string>
				<key>INFOPLIST_FILE</key>
				<string>Kaleidoscope-of-500px/Info.plist</string>
				<key>LD_RUNPATH_SEARCH_PATHS</key>
				<string>$(inherited) @executable_path/Frameworks</string>
				<key>PRODUCT_NAME</key>
				<string>$(TARGET_NAME)</string>
			</dict>
			<key>isa</key>
			<string>XCBuildConfiguration</string>
			<key>name</key>
			<string>Release</string>
		</dict>
		<key>892E7E7E19E511C8005D1BA7</key>
		<dict>
			<key>buildConfigurations</key>
			<array>
				<string>892E7E7F19E511C8005D1BA7</string>
				<string>892E7E8019E511C8005D1BA7</string>
			</array>
			<key>defaultConfigurationIsVisible</key>
			<string>0</string>
			<key>isa</key>
			<string>XCConfigurationList</string>
		</dict>
		<key>892E7E7F19E511C8005D1BA7</key>
		<dict>
			<key>baseConfigurationReference</key>
			<string>39101133E07473F74AB9A224</string>
			<key>buildSettings</key>
			<dict>
				<key>BUNDLE_LOADER</key>
				<string>$(TEST_HOST)</string>
				<key>FRAMEWORK_SEARCH_PATHS</key>
				<array>
					<string>$(SDKROOT)/Developer/Library/Frameworks</string>
					<string>$(inherited)</string>
				</array>
				<key>GCC_PREPROCESSOR_DEFINITIONS</key>
				<array>
					<string>DEBUG=1</string>
					<string>$(inherited)</string>
				</array>
				<key>INFOPLIST_FILE</key>
				<string>Kaleidoscope-of-500pxTests/Info.plist</string>
				<key>LD_RUNPATH_SEARCH_PATHS</key>
				<string>$(inherited) @executable_path/Frameworks @loader_path/Frameworks</string>
				<key>PRODUCT_NAME</key>
				<string>$(TARGET_NAME)</string>
				<key>TEST_HOST</key>
				<string>$(BUILT_PRODUCTS_DIR)/Kaleidoscope-of-500px.app/Kaleidoscope-of-500px</string>
			</dict>
			<key>isa</key>
			<string>XCBuildConfiguration</string>
			<key>name</key>
			<string>Debug</string>
		</dict>
		<key>892E7E8019E511C8005D1BA7</key>
		<dict>
			<key>baseConfigurationReference</key>
			<string>B51AAFF2696B240ACE0844B0</string>
			<key>buildSettings</key>
			<dict>
				<key>BUNDLE_LOADER</key>
				<string>$(TEST_HOST)</string>
				<key>FRAMEWORK_SEARCH_PATHS</key>
				<array>
					<string>$(SDKROOT)/Developer/Library/Frameworks</string>
					<string>$(inherited)</string>
				</array>
				<key>INFOPLIST_FILE</key>
				<string>Kaleidoscope-of-500pxTests/Info.plist</string>
				<key>LD_RUNPATH_SEARCH_PATHS</key>
				<string>$(inherited) @executable_path/Frameworks @loader_path/Frameworks</string>
				<key>PRODUCT_NAME</key>
				<string>$(TARGET_NAME)</string>
				<key>TEST_HOST</key>
				<string>$(BUILT_PRODUCTS_DIR)/Kaleidoscope-of-500px.app/Kaleidoscope-of-500px</string>
			</dict>
			<key>isa</key>
			<string>XCBuildConfiguration</string>
			<key>name</key>
			<string>Release</string>
		</dict>
		<key>95DA97AEDD581D9D037854B4</key>
		<dict>
			<key>buildActionMask</key>
			<string>2147483647</string>
			<key>files</key>
			<array/>
			<key>inputPaths</key>
			<array/>
			<key>isa</key>
			<string>PBXShellScriptBuildPhase</string>
			<key>name</key>
			<string>Check Pods Manifest.lock</string>
			<key>outputPaths</key>
			<array/>
			<key>runOnlyForDeploymentPostprocessing</key>
			<string>0</string>
			<key>shellPath</key>
			<string>/bin/sh</string>
			<key>shellScript</key>
			<string>diff "${PODS_ROOT}/../Podfile.lock" "${PODS_ROOT}/Manifest.lock" &gt; /dev/null
if [[ $? != 0 ]] ; then
    cat &lt;&lt; EOM
error: The sandbox is not in sync with the Podfile.lock. Run 'pod install' or update your CocoaPods installation.
EOM
    exit 1
fi
</string>
			<key>showEnvVarsInLog</key>
			<string>0</string>
		</dict>
		<key>A6ACB6E80718FFAA2D860B17</key>
		<dict>
			<key>children</key>
			<array>
				<string>790D2DEFD6FEEF9D6C3EE566</string>
				<string>0A28121DD4BCB11B1F49A88B</string>
				<string>39101133E07473F74AB9A224</string>
				<string>B51AAFF2696B240ACE0844B0</string>
			</array>
			<key>isa</key>
			<string>PBXGroup</string>
			<key>name</key>
			<string>Pods</string>
			<key>sourceTree</key>
			<string>&lt;group&gt;</string>
		</dict>
		<key>B51AAFF2696B240ACE0844B0</key>
		<dict>
			<key>includeInIndex</key>
			<string>1</string>
			<key>isa</key>
			<string>PBXFileReference</string>
			<key>lastKnownFileType</key>
			<string>text.xcconfig</string>
			<key>name</key>
			<string>Pods-Kaleidoscope-of-500pxTests.release.xcconfig</string>
			<key>path</key>
			<string>Pods/Target Support Files/Pods-Kaleidoscope-of-500pxTests/Pods-Kaleidoscope-of-500pxTests.release.xcconfig</string>
			<key>sourceTree</key>
			<string>&lt;group&gt;</string>
		</dict>
		<key>BD4D23B059020F2993A0CDA0</key>
		<dict>
			<key>explicitFileType</key>
			<string>archive.ar</string>
			<key>includeInIndex</key>
			<string>0</string>
			<key>isa</key>
			<string>PBXFileReference</string>
			<key>path</key>
			<string>libPods-Kaleidoscope-of-500px.a</string>
			<key>sourceTree</key>
			<string>BUILT_PRODUCTS_DIR</string>
		</dict>
		<key>E70A521BCDA7D8FAF38CE2D9</key>
		<dict>
			<key>buildActionMask</key>
			<string>2147483647</string>
			<key>files</key>
			<array/>
			<key>inputPaths</key>
			<array/>
			<key>isa</key>
			<string>PBXShellScriptBuildPhase</string>
			<key>name</key>
			<string>Check Pods Manifest.lock</string>
			<key>outputPaths</key>
			<array/>
			<key>runOnlyForDeploymentPostprocessing</key>
			<string>0</string>
			<key>shellPath</key>
			<string>/bin/sh</string>
			<key>shellScript</key>
			<string>diff "${PODS_ROOT}/../Podfile.lock" "${PODS_ROOT}/Manifest.lock" &gt; /dev/null
if [[ $? != 0 ]] ; then
    cat &lt;&lt; EOM
error: The sandbox is not in sync with the Podfile.lock. Run 'pod install' or update your CocoaPods installation.
EOM
    exit 1
fi
</string>
			<key>showEnvVarsInLog</key>
			<string>0</string>
		</dict>
	</dict>
	<key>rootObject</key>
	<string>892E7E5019E511C8005D1BA7</string>
</dict>
</plist>
